
Microsoft Visual Studio Solution File, Format Version 12.00
# Visual Studio 15
VisualStudioVersion = 15.0.28010.2026
MinimumVisualStudioVersion = 10.0.40219.1
Project("{9A19103F-16F7-4668-BE54-9A1E7A4F7556}") = "pennypinch", "pennypinch\pennypinch.csproj", "{514DFA89-C286-4074-BAA1-E30B45C69C7B}"
EndProject
Global
	GlobalSection(SolutionConfigurationPlatforms) = preSolution
		Debug|Any CPU = Debug|Any CPU
		Release|Any CPU = Release|Any CPU
	EndGlobalSection
	GlobalSection(ProjectConfigurationPlatforms) = postSolution
		{514DFA89-C286-4074-BAA1-E30B45C69C7B}.Debug|Any CPU.ActiveCfg = Debug|Any CPU
		{514DFA89-C286-4074-BAA1-E30B45C69C7B}.Debug|Any CPU.Build.0 = Debug|Any CPU
		{514DFA89-C286-4074-BAA1-E30B45C69C7B}.Release|Any CPU.ActiveCfg = Release|Any CPU
		{514DFA89-C286-4074-BAA1-E30B45C69C7B}.Release|Any CPU.Build.0 = Release|Any CPU
	EndGlobalSection
	GlobalSection(SolutionProperties) = preSolution
		HideSolutionNode = FALSE
	EndGlobalSection
	GlobalSection(ExtensibilityGlobals) = postSolution
		SolutionGuid = {A1A750A2-08FB-485D-8559-79AED5DC6518}
	EndGlobalSection
EndGlobal
